
Microsoft Visual Studio Solution File, Format Version 12.00
# Visual Studio Version 17
VisualStudioVersion = 17.5.33530.505
MinimumVisualStudioVersion = 10.0.40219.1
Project("{9A19103F-16F7-4668-BE54-9A1E7A4F7556}") = "Capstone", "Capstone\Capstone.csproj", "{0E52B153-125F-41EC-8DD1-9B94AA7D17EB}"
EndProject
Global
	GlobalSection(SolutionConfigurationPlatforms) = preSolution
		Debug|Any CPU = Debug|Any CPU
		Release|Any CPU = Release|Any CPU
	EndGlobalSection
	GlobalSection(ProjectConfigurationPlatforms) = postSolution
		{0E52B153-125F-41EC-8DD1-9B94AA7D17EB}.Debug|Any CPU.ActiveCfg = Debug|Any CPU
		{0E52B153-125F-41EC-8DD1-9B94AA7D17EB}.Debug|Any CPU.Build.0 = Debug|Any CPU
		{0E52B153-125F-41EC-8DD1-9B94AA7D17EB}.Release|Any CPU.ActiveCfg = Release|Any CPU
		{0E52B153-125F-41EC-8DD1-9B94AA7D17EB}.Release|Any CPU.Build.0 = Release|Any CPU
	EndGlobalSection
	GlobalSection(SolutionProperties) = preSolution
		HideSolutionNode = FALSE
	EndGlobalSection
	GlobalSection(ExtensibilityGlobals) = postSolution
		SolutionGuid = {B9D47E1B-93CA-47F9-AE11-D04C686D572F}
	EndGlobalSection
EndGlobal
